
Microsoft Visual Studio Solution File, Format Version 12.00
# Visual Studio Version 16
VisualStudioVersion = 16.0.29806.167
MinimumVisualStudioVersion = 10.0.40219.1
Project("{8BC9CEB8-8B4A-11D0-8D11-00A0C91BC942}") = "Project2", "Project2\Project2.vcxproj", "{F4C18C8A-C863-491F-A84C-FBA8F4EFD8AC}"
EndProject
Global
	GlobalSection(SolutionConfigurationPlatforms) = preSolution
		Debug|x64 = Debug|x64
		Debug|x86 = Debug|x86
		Release|x64 = Release|x64
		Release|x86 = Release|x86
	EndGlobalSection
	GlobalSection(ProjectConfigurationPlatforms) = postSolution
		{F4C18C8A-C863-491F-A84C-FBA8F4EFD8AC}.Debug|x64.ActiveCfg = Debug|x64
		{F4C18C8A-C863-491F-A84C-FBA8F4EFD8AC}.Debug|x64.Build.0 = Debug|x64
		{F4C18C8A-C863-491F-A84C-FBA8F4EFD8AC}.Debug|x86.ActiveCfg = Debug|Win32
		{F4C18C8A-C863-491F-A84C-FBA8F4EFD8AC}.Debug|x86.Build.0 = Debug|Win32
		{F4C18C8A-C863-491F-A84C-FBA8F4EFD8AC}.Release|x64.ActiveCfg = Release|x64
		{F4C18C8A-C863-491F-A84C-FBA8F4EFD8AC}.Release|x64.Build.0 = Release|x64
		{F4C18C8A-C863-491F-A84C-FBA8F4EFD8AC}.Release|x86.ActiveCfg = Release|Win32
		{F4C18C8A-C863-491F-A84C-FBA8F4EFD8AC}.Release|x86.Build.0 = Release|Win32
	EndGlobalSection
	GlobalSection(SolutionProperties) = preSolution
		HideSolutionNode = FALSE
	EndGlobalSection
	GlobalSection(ExtensibilityGlobals) = postSolution
		SolutionGuid = {2CB2A141-D24B-4FA5-AC84-05C4766E682F}
	EndGlobalSection
EndGlobal
